
Microsoft Visual Studio Solution File, Format Version 12.00
# Visual Studio Version 17
VisualStudioVersion = 17.11.35219.272
MinimumVisualStudioVersion = 10.0.40219.1
Project("{FAE04EC0-301F-11D3-BF4B-00C04F79EFBC}") = "VMWireDetection", "VMWireDetection\VMWireDetection.csproj", "{2484F672-6166-4799-9A10-01F49C2A5196}"
EndProject
Global
	GlobalSection(SolutionConfigurationPlatforms) = preSolution
		Debug|Any CPU = Debug|Any CPU
		Debug|x64 = Debug|x64
		Release|Any CPU = Release|Any CPU
		Release|x64 = Release|x64
	EndGlobalSection
	GlobalSection(ProjectConfigurationPlatforms) = postSolution
		{2484F672-6166-4799-9A10-01F49C2A5196}.Debug|Any CPU.ActiveCfg = Debug|Any CPU
		{2484F672-6166-4799-9A10-01F49C2A5196}.Debug|Any CPU.Build.0 = Debug|Any CPU
		{2484F672-6166-4799-9A10-01F49C2A5196}.Debug|x64.ActiveCfg = Debug|x64
		{2484F672-6166-4799-9A10-01F49C2A5196}.Debug|x64.Build.0 = Debug|x64
		{2484F672-6166-4799-9A10-01F49C2A5196}.Release|Any CPU.ActiveCfg = Release|Any CPU
		{2484F672-6166-4799-9A10-01F49C2A5196}.Release|Any CPU.Build.0 = Release|Any CPU
		{2484F672-6166-4799-9A10-01F49C2A5196}.Release|x64.ActiveCfg = Release|x64
		{2484F672-6166-4799-9A10-01F49C2A5196}.Release|x64.Build.0 = Release|x64
	EndGlobalSection
	GlobalSection(SolutionProperties) = preSolution
		HideSolutionNode = FALSE
	EndGlobalSection
	GlobalSection(ExtensibilityGlobals) = postSolution
		SolutionGuid = {6E7002E1-67B5-4B4D-AF44-2D41312D50A6}
	EndGlobalSection
EndGlobal
